
Microsoft Visual Studio Solution File, Format Version 12.00
# Visual Studio Version 17
VisualStudioVersion = 17.13.35828.75
MinimumVisualStudioVersion = 10.0.40219.1
Project("{FAE04EC0-301F-11D3-BF4B-00C04F79EFBC}") = "SatansLilHelper", "SatansLilHelper\SatansLilHelper.csproj", "{FD71036B-AC37-4471-9498-A1E6A7E5C445}"
EndProject
Project("{2150E333-8FDC-42A3-9474-1A3956D46DE8}") = "Solution Items", "Solution Items", "{02EA681E-C7D8-13C7-8484-4AC65E1B71E8}"
	ProjectSection(SolutionItems) = preProject
		.editorconfig = .editorconfig
	EndProjectSection
EndProject
Project("{FAE04EC0-301F-11D3-BF4B-00C04F79EFBC}") = "YARGGH", "YARGGH\YARGGH.csproj", "{38FB3315-E1E0-4F85-837A-D3F505C3B125}"
EndProject
Global
	GlobalSection(SolutionConfigurationPlatforms) = preSolution
		Debug|Any CPU = Debug|Any CPU
		Debug|x64 = Debug|x64
		Debug|x86 = Debug|x86
		Release|Any CPU = Release|Any CPU
		Release|x64 = Release|x64
		Release|x86 = Release|x86
	EndGlobalSection
	GlobalSection(ProjectConfigurationPlatforms) = postSolution
		{FD71036B-AC37-4471-9498-A1E6A7E5C445}.Debug|Any CPU.ActiveCfg = Debug|Any CPU
		{FD71036B-AC37-4471-9498-A1E6A7E5C445}.Debug|Any CPU.Build.0 = Debug|Any CPU
		{FD71036B-AC37-4471-9498-A1E6A7E5C445}.Debug|x64.ActiveCfg = Debug|x64
		{FD71036B-AC37-4471-9498-A1E6A7E5C445}.Debug|x64.Build.0 = Debug|x64
		{FD71036B-AC37-4471-9498-A1E6A7E5C445}.Debug|x86.ActiveCfg = Debug|Any CPU
		{FD71036B-AC37-4471-9498-A1E6A7E5C445}.Release|Any CPU.ActiveCfg = Release|Any CPU
		{FD71036B-AC37-4471-9498-A1E6A7E5C445}.Release|Any CPU.Build.0 = Release|Any CPU
		{FD71036B-AC37-4471-9498-A1E6A7E5C445}.Release|x64.ActiveCfg = Release|x64
		{FD71036B-AC37-4471-9498-A1E6A7E5C445}.Release|x64.Build.0 = Release|x64
		{FD71036B-AC37-4471-9498-A1E6A7E5C445}.Release|x86.ActiveCfg = Release|Any CPU
		{38FB3315-E1E0-4F85-837A-D3F505C3B125}.Debug|Any CPU.ActiveCfg = Debug|Any CPU
		{38FB3315-E1E0-4F85-837A-D3F505C3B125}.Debug|Any CPU.Build.0 = Debug|Any CPU
		{38FB3315-E1E0-4F85-837A-D3F505C3B125}.Debug|x64.ActiveCfg = Debug|Any CPU
		{38FB3315-E1E0-4F85-837A-D3F505C3B125}.Debug|x64.Build.0 = Debug|Any CPU
		{38FB3315-E1E0-4F85-837A-D3F505C3B125}.Debug|x86.ActiveCfg = Debug|Any CPU
		{38FB3315-E1E0-4F85-837A-D3F505C3B125}.Debug|x86.Build.0 = Debug|Any CPU
		{38FB3315-E1E0-4F85-837A-D3F505C3B125}.Release|Any CPU.ActiveCfg = Release|Any CPU
		{38FB3315-E1E0-4F85-837A-D3F505C3B125}.Release|Any CPU.Build.0 = Release|Any CPU
		{38FB3315-E1E0-4F85-837A-D3F505C3B125}.Release|x64.ActiveCfg = Release|Any CPU
		{38FB3315-E1E0-4F85-837A-D3F505C3B125}.Release|x64.Build.0 = Release|Any CPU
		{38FB3315-E1E0-4F85-837A-D3F505C3B125}.Release|x86.ActiveCfg = Release|Any CPU
		{38FB3315-E1E0-4F85-837A-D3F505C3B125}.Release|x86.Build.0 = Release|Any CPU
	EndGlobalSection
	GlobalSection(SolutionProperties) = preSolution
		HideSolutionNode = FALSE
	EndGlobalSection
	GlobalSection(ExtensibilityGlobals) = postSolution
		SolutionGuid = {0E6AFB67-22EC-47EB-8F4E-A98EE76B947D}
	EndGlobalSection
EndGlobal
